{
  "version": 1,
  "models": [
    {
      "id": "all-MiniLM-L6-v2",
      "repo": "sentence-transformers/all-MiniLM-L6-v2",
      "rev": "1110a24"
    },
    {
      "id": "paraphrase-multilingual-MiniLM-L12-v2",
      "repo": "sentence-transformers/paraphrase-multilingual-MiniLM-L12-v2",
      "rev": "e8f8c21"
    },
    {
      "id": "multilingual-e5-small",
      "repo": "intfloat/multilingual-e5-small",
      "rev": "614241f"
    }
  ]
}
